// !$*UTF8*$!
{
	archiveVersion = 1;
	classes = {
	};
	objectVersion = 60;
	objects = {

/* Begin PBXBuildFile section */
		B6030001 /* ClientWidget.swift in Sources */ = {isa = PBXBuildFile; fileRef = B6030011 /* ClientWidget.swift */; };
		B6030002 /* ClientWidgetExtension.appex in Embed App Extensions */ = {isa = PBXBuildFile; fileRef = B6030010 /* ClientWidgetExtension.appex */; settings = {ATTRIBUTES = (RemoveHeadersOnCopy, ); }; };
		AA000040 /* AppDelegate.swift in Sources */ = {isa = PBXBuildFile; fileRef = AA000030 /* AppDelegate.swift */; };
		AA000048 /* DocumentScannerPlugin.swift in Sources */ = {isa = PBXBuildFile; fileRef = AA000038 /* DocumentScannerPlugin.swift */; };
		AA000041 /* Main.storyboard in Resources */ = {isa = PBXBuildFile; fileRef = AA000032 /* Main.storyboard */; };
		AA000042 /* LaunchScreen.storyboard in Resources */ = {isa = PBXBuildFile; fileRef = AA000033 /* LaunchScreen.storyboard */; };
		AA000043 /* PrivacyInfo.xcprivacy in Resources */ = {isa = PBXBuildFile; fileRef = AA000034 /* PrivacyInfo.xcprivacy */; };
		AA000044 /* Assets.xcassets in Resources */ = {isa = PBXBuildFile; fileRef = AA000035 /* Assets.xcassets */; };
		AA000045 /* public in Resources */ = {isa = PBXBuildFile; fileRef = AA000036 /* public */; };
		AA000046 /* capacitor.config.json in Resources */ = {isa = PBXBuildFile; fileRef = AA000037 /* capacitor.config.json */; };
		AA000047 /* CapApp-SPM in Frameworks */ = {isa = PBXBuildFile; productRef = AA000051 /* CapApp-SPM */; };
/* End PBXBuildFile section */

/* Begin PBXFileReference section */
		B6030010 /* ClientWidgetExtension.appex */ = {isa = PBXFileReference; explicitFileType = "wrapper.app-extension"; includeInIndex = 0; path = ClientWidgetExtension.appex; sourceTree = BUILT_PRODUCTS_DIR; };
		B6030011 /* ClientWidget.swift */ = {isa = PBXFileReference; lastKnownFileType = sourcecode.swift; path = ClientWidget.swift; sourceTree = "<group>"; };
		B6030012 /* Info.plist */ = {isa = PBXFileReference; lastKnownFileType = text.plist.xml; path = Info.plist; sourceTree = "<group>"; };
		B6030013 /* ClientWidgetExtension.entitlements */ = {isa = PBXFileReference; lastKnownFileType = text.plist.entitlements; path = ClientWidgetExtension.entitlements; sourceTree = "<group>"; };
		AA000006 /* App.app */ = {isa = PBXFileReference; explicitFileType = wrapper.application; includeInIndex = 0; path = App.app; sourceTree = BUILT_PRODUCTS_DIR; };
		AA000030 /* AppDelegate.swift */ = {isa = PBXFileReference; lastKnownFileType = sourcecode.swift; path = AppDelegate.swift; sourceTree = "<group>"; };
		AA000038 /* DocumentScannerPlugin.swift */ = {isa = PBXFileReference; lastKnownFileType = sourcecode.swift; path = DocumentScannerPlugin.swift; sourceTree = "<group>"; };
		AA000031 /* Info.plist */ = {isa = PBXFileReference; lastKnownFileType = text.plist.xml; path = Info.plist; sourceTree = "<group>"; };
		AA000032 /* Main.storyboard */ = {isa = PBXFileReference; lastKnownFileType = file.storyboard; name = Main.storyboard; path = Base.lproj/Main.storyboard; sourceTree = "<group>"; };
		AA000033 /* LaunchScreen.storyboard */ = {isa = PBXFileReference; lastKnownFileType = file.storyboard; name = LaunchScreen.storyboard; path = Base.lproj/LaunchScreen.storyboard; sourceTree = "<group>"; };
		AA000034 /* PrivacyInfo.xcprivacy */ = {isa = PBXFileReference; lastKnownFileType = text.xml; path = PrivacyInfo.xcprivacy; sourceTree = "<group>"; };
		AA000035 /* Assets.xcassets */ = {isa = PBXFileReference; lastKnownFileType = folder.assetcatalog; path = Assets.xcassets; sourceTree = "<group>"; };
		AA000036 /* public */ = {isa = PBXFileReference; lastKnownFileType = folder; path = public; sourceTree = "<group>"; };
		AA000037 /* capacitor.config.json */ = {isa = PBXFileReference; lastKnownFileType = text.json; path = capacitor.config.json; sourceTree = "<group>"; };
/* End PBXFileReference section */

/* Begin PBXContainerItemProxy section */
		B6030060 = {isa = PBXContainerItemProxy; containerPortal = AA000001 /* Project object */; proxyType = 1; remoteGlobalIDString = B6030030; remoteInfo = ClientWidgetExtension; };
/* End PBXContainerItemProxy section */

/* Begin PBXCopyFilesBuildPhase section */
		B6030023 /* Embed App Extensions */ = {isa = PBXCopyFilesBuildPhase; buildActionMask = 2147483647; dstPath = ""; dstSubfolderSpec = 13; files = (B6030002 /* ClientWidgetExtension.appex in Embed App Extensions */,); name = "Embed App Extensions"; runOnlyForDeploymentPostprocessing = 0; };
/* End PBXCopyFilesBuildPhase section */

/* Begin PBXFrameworksBuildPhase section */
		B6030021 /* Frameworks */ = {isa = PBXFrameworksBuildPhase; buildActionMask = 2147483647; files = (); runOnlyForDeploymentPostprocessing = 0; };
		AA000013 /* Frameworks */ = {
			isa = PBXFrameworksBuildPhase;
			buildActionMask = 2147483647;
			files = (
				AA000047 /* CapApp-SPM in Frameworks */,
			);
			runOnlyForDeploymentPostprocessing = 0;
		};
/* End PBXFrameworksBuildPhase section */

/* Begin PBXGroup section */
		B6030020 /* ClientWidgetExtension */ = {isa = PBXGroup; children = (B6030011 /* ClientWidget.swift */, B6030012 /* Info.plist */, B6030013 /* ClientWidgetExtension.entitlements */,); path = ClientWidgetExtension; sourceTree = "<group>"; };
		AA000003 = {
			isa = PBXGroup;
			children = (
				AA000005 /* App */,
				B6030020 /* ClientWidgetExtension */,
				AA000004 /* Products */,
			);
			sourceTree = "<group>";
		};
		AA000004 /* Products */ = {
			isa = PBXGroup;
			children = (
				AA000006 /* App.app */,
				B6030010 /* ClientWidgetExtension.appex */,
			);
			name = Products;
			sourceTree = "<group>";
		};
		AA000005 /* App */ = {
			isa = PBXGroup;
			children = (
				AA000030 /* AppDelegate.swift */,
				AA000038 /* DocumentScannerPlugin.swift */,
				AA000031 /* Info.plist */,
				AA000032 /* Main.storyboard */,
				AA000033 /* LaunchScreen.storyboard */,
				AA000035 /* Assets.xcassets */,
				AA000036 /* public */,
				AA000037 /* capacitor.config.json */,
				AA000034 /* PrivacyInfo.xcprivacy */,
			);
			path = App;
			sourceTree = "<group>";
		};
/* End PBXGroup section */

/* Begin PBXNativeTarget section */
		B6030030 /* ClientWidgetExtension */ = {isa = PBXNativeTarget; buildConfigurationList = B6030050; buildPhases = (B6030022 /* Sources */, B6030021 /* Frameworks */,); buildRules = (); dependencies = (); name = ClientWidgetExtension; productName = ClientWidgetExtension; productReference = B6030010 /* ClientWidgetExtension.appex */; productType = "com.apple.product-type.app-extension"; };
		AA000010 /* App */ = {
			isa = PBXNativeTarget;
			buildConfigurationList = AA000011 /* Build configuration list for PBXNativeTarget "App" */;
			buildPhases = (
				AA000012 /* Sources */,
				B6030023 /* Embed App Extensions */,
				AA000013 /* Frameworks */,
				AA000014 /* Resources */,
			);
			buildRules = (
			);
			dependencies = (
				B6030061 /* PBXTargetDependency */,
			);
			name = App;
			packageProductDependencies = (
				AA000051 /* CapApp-SPM */,
			);
			productName = App;
			productReference = AA000006 /* App.app */;
			productType = "com.apple.product-type.application";
		};
/* End PBXNativeTarget section */

/* Begin PBXProject section */
		AA000001 /* Project object */ = {
			isa = PBXProject;
			attributes = {
				LastSwiftUpdateCheck = 1500;
				LastUpgradeCheck = 1500;
			};
			buildConfigurationList = AA000002 /* Build configuration list for PBXProject "App" */;
			compatibilityVersion = "Xcode 14.0";
			developmentRegion = en;
			hasScannedForEncodings = 0;
			knownRegions = (
				en,
				Base,
			);
			mainGroup = AA000003;
			packageReferences = (
				AA000050 /* XCLocalSwiftPackageReference "CapApp-SPM" */,
			);
			productRefGroup = AA000004 /* Products */;
			projectDirPath = "";
			projectRoot = "";
			targets = (
				AA000010 /* App */,
				B6030030 /* ClientWidgetExtension */,
			);
		};
/* End PBXProject section */

/* Begin PBXResourcesBuildPhase section */
		AA000014 /* Resources */ = {
			isa = PBXResourcesBuildPhase;
			buildActionMask = 2147483647;
			files = (
				AA000041 /* Main.storyboard in Resources */,
				AA000042 /* LaunchScreen.storyboard in Resources */,
				AA000044 /* Assets.xcassets in Resources */,
				AA000045 /* public in Resources */,
				AA000046 /* capacitor.config.json in Resources */,
				AA000043 /* PrivacyInfo.xcprivacy in Resources */,
			);
			runOnlyForDeploymentPostprocessing = 0;
		};
/* End PBXResourcesBuildPhase section */

/* Begin PBXSourcesBuildPhase section */
		B6030022 /* Sources */ = {isa = PBXSourcesBuildPhase; buildActionMask = 2147483647; files = (B6030001 /* ClientWidget.swift in Sources */,); runOnlyForDeploymentPostprocessing = 0; };
		AA000012 /* Sources */ = {
			isa = PBXSourcesBuildPhase;
			buildActionMask = 2147483647;
			files = (
				AA000040 /* AppDelegate.swift in Sources */,
				AA000048 /* DocumentScannerPlugin.swift in Sources */,
			);
			runOnlyForDeploymentPostprocessing = 0;
		};
/* End PBXSourcesBuildPhase section */

/* Begin PBXTargetDependency section */
		B6030061 /* PBXTargetDependency */ = {isa = PBXTargetDependency; target = B6030030 /* ClientWidgetExtension */; targetProxy = B6030060; };
/* End PBXTargetDependency section */

/* Begin XCBuildConfiguration section */
		AA000021 /* Debug */ = {
			isa = XCBuildConfiguration;
			buildSettings = {
				SDKROOT = iphoneos;
				SUPPORTED_PLATFORMS = "iphoneos iphonesimulator";
				SUPPORTS_MACCATALYST = NO;
			};
			name = Debug;
		};
		AA000022 /* Release */ = {
			isa = XCBuildConfiguration;
			buildSettings = {
				SDKROOT = iphoneos;
				SUPPORTED_PLATFORMS = "iphoneos iphonesimulator";
				SUPPORTS_MACCATALYST = NO;
			};
			name = Release;
		};
		AA000023 /* Debug */ = {
			isa = XCBuildConfiguration;
			buildSettings = {
				ASSETCATALOG_COMPILER_APPICON_NAME = AppIcon;
				CLANG_ENABLE_MODULES = YES;
				CODE_SIGN_STYLE = Automatic;
				CURRENT_PROJECT_VERSION = 1;
				DEVELOPMENT_TEAM = 547H2X5ZG3;
				GENERATE_INFOPLIST_FILE = NO;
				INFOPLIST_FILE = App/Info.plist;
				IPHONEOS_DEPLOYMENT_TARGET = 15.0;
				LD_RUNPATH_SEARCH_PATHS = (
					"$(inherited)",
					"@executable_path/Frameworks",
				);
				MARKETING_VERSION = 1.0;
				CODE_SIGN_ENTITLEMENTS = App/App.entitlements;
				PRODUCT_BUNDLE_IDENTIFIER = com.boreal.risk.client;
				PRODUCT_NAME = "$(TARGET_NAME)";
				SDKROOT = iphoneos;
				SUPPORTED_PLATFORMS = "iphoneos iphonesimulator";
				SUPPORTS_MACCATALYST = NO;
				SWIFT_VERSION = 5.0;
				TARGETED_DEVICE_FAMILY = "1,2";
			};
			name = Debug;
		};
		AA000024 /* Release */ = {
			isa = XCBuildConfiguration;
			buildSettings = {
				ASSETCATALOG_COMPILER_APPICON_NAME = AppIcon;
				CLANG_ENABLE_MODULES = YES;
				CODE_SIGN_STYLE = Automatic;
				CURRENT_PROJECT_VERSION = 1;
				DEVELOPMENT_TEAM = 547H2X5ZG3;
				GENERATE_INFOPLIST_FILE = NO;
				INFOPLIST_FILE = App/Info.plist;
				IPHONEOS_DEPLOYMENT_TARGET = 15.0;
				LD_RUNPATH_SEARCH_PATHS = (
					"$(inherited)",
					"@executable_path/Frameworks",
				);
				MARKETING_VERSION = 1.0;
				CODE_SIGN_ENTITLEMENTS = App/App.entitlements;
				PRODUCT_BUNDLE_IDENTIFIER = com.boreal.risk.client;
				PRODUCT_NAME = "$(TARGET_NAME)";
				SDKROOT = iphoneos;
				SUPPORTED_PLATFORMS = "iphoneos iphonesimulator";
				SUPPORTS_MACCATALYST = NO;
				SWIFT_VERSION = 5.0;
				TARGETED_DEVICE_FAMILY = "1,2";
			};
			name = Release;
		};
		B6030041 /* Debug */ = {isa = XCBuildConfiguration; buildSettings = { CODE_SIGN_ENTITLEMENTS = ClientWidgetExtension/ClientWidgetExtension.entitlements; CODE_SIGN_STYLE = Automatic; CURRENT_PROJECT_VERSION = 1; MARKETING_VERSION = 1.0; SDKROOT = iphoneos; SUPPORTS_MACCATALYST = NO; LD_RUNPATH_SEARCH_PATHS = ("$(inherited)", "@executable_path/Frameworks", "@executable_path/../../Frameworks", ); DEVELOPMENT_TEAM = 547H2X5ZG3; GENERATE_INFOPLIST_FILE = NO; INFOPLIST_FILE = ClientWidgetExtension/Info.plist; IPHONEOS_DEPLOYMENT_TARGET = 17.0; PRODUCT_BUNDLE_IDENTIFIER = com.boreal.risk.client.widget; PRODUCT_NAME = "$(TARGET_NAME)"; SKIP_INSTALL = YES; SWIFT_VERSION = 5.0; TARGETED_DEVICE_FAMILY = "1,2"; }; name = Debug; };
		B6030042 /* Release */ = {isa = XCBuildConfiguration; buildSettings = { CODE_SIGN_ENTITLEMENTS = ClientWidgetExtension/ClientWidgetExtension.entitlements; CODE_SIGN_STYLE = Automatic; CURRENT_PROJECT_VERSION = 1; MARKETING_VERSION = 1.0; SDKROOT = iphoneos; SUPPORTS_MACCATALYST = NO; LD_RUNPATH_SEARCH_PATHS = ("$(inherited)", "@executable_path/Frameworks", "@executable_path/../../Frameworks", ); DEVELOPMENT_TEAM = 547H2X5ZG3; GENERATE_INFOPLIST_FILE = NO; INFOPLIST_FILE = ClientWidgetExtension/Info.plist; IPHONEOS_DEPLOYMENT_TARGET = 17.0; PRODUCT_BUNDLE_IDENTIFIER = com.boreal.risk.client.widget; PRODUCT_NAME = "$(TARGET_NAME)"; SKIP_INSTALL = YES; SWIFT_VERSION = 5.0; TARGETED_DEVICE_FAMILY = "1,2"; }; name = Release; };
/* End XCBuildConfiguration section */

/* Begin XCConfigurationList section */
		B6030050 /* Build configuration list for PBXNativeTarget "ClientWidgetExtension" */ = {isa = XCConfigurationList; buildConfigurations = (B6030041 /* Debug */, B6030042 /* Release */,); defaultConfigurationIsVisible = 0; defaultConfigurationName = Release; };
		AA000002 /* Build configuration list for PBXProject "App" */ = {
			isa = XCConfigurationList;
			buildConfigurations = (
				AA000021 /* Debug */,
				AA000022 /* Release */,
			);
			defaultConfigurationIsVisible = 0;
			defaultConfigurationName = Release;
		};
		AA000011 /* Build configuration list for PBXNativeTarget "App" */ = {
			isa = XCConfigurationList;
			buildConfigurations = (
				AA000023 /* Debug */,
				AA000024 /* Release */,
			);
			defaultConfigurationIsVisible = 0;
			defaultConfigurationName = Release;
		};
/* End XCConfigurationList section */

/* Begin XCLocalSwiftPackageReference section */
		AA000050 /* XCLocalSwiftPackageReference "CapApp-SPM" */ = {
			isa = XCLocalSwiftPackageReference;
			relativePath = "CapApp-SPM";
		};
/* End XCLocalSwiftPackageReference section */

/* Begin XCSwiftPackageProductDependency section */
		AA000051 /* CapApp-SPM */ = {
			isa = XCSwiftPackageProductDependency;
			package = AA000050 /* XCLocalSwiftPackageReference "CapApp-SPM" */;
			productName = "CapApp-SPM";
		};
/* End XCSwiftPackageProductDependency section */
	};
	rootObject = AA000001 /* Project object */;
}
