// !$*UTF8*$!
{ archiveVersion = 1; classes = {}; objectVersion = 56; objects = {
AA000001 /* Project object */ = {isa = PBXProject; attributes = {LastSwiftUpdateCheck = 1500; LastUpgradeCheck = 1500;}; buildConfigurationList = AA000002; compatibilityVersion = "Xcode 14.0"; developmentRegion = en; knownRegions = (en, Base); mainGroup = AA000003; productRefGroup = AA000004; projectDirPath = ""; projectRoot = ""; targets = (AA000010);};
AA000002 = {isa = XCConfigurationList; buildConfigurations = (AA000021, AA000022); defaultConfigurationIsVisible = 0; defaultConfigurationName = Release;};
AA000003 = {isa = PBXGroup; children = (AA000005, AA000004); sourceTree = "<group>";};
AA000004 = {isa = PBXGroup; children = (AA000006); name = Products; sourceTree = "<group>";};
AA000005 = {isa = PBXGroup; children = (AA000030, AA000031, AA000032, AA000033, AA000034); path = App; sourceTree = "<group>";};
AA000006 = {isa = PBXFileReference; explicitFileType = wrapper.application; includeInIndex = 0; path = App.app; sourceTree = BUILT_PRODUCTS_DIR;};
AA000010 = {isa = PBXNativeTarget; buildConfigurationList = AA000011; buildPhases = (AA000012, AA000013, AA000014); buildRules = (); dependencies = (); name = App; productName = App; productReference = AA000006; productType = "com.apple.product-type.application";};
AA000011 = {isa = XCConfigurationList; buildConfigurations = (AA000023, AA000024); defaultConfigurationIsVisible = 0; defaultConfigurationName = Release;};
AA000012 = {isa = PBXSourcesBuildPhase; buildActionMask = 2147483647; files = (AA000040); runOnlyForDeploymentPostprocessing = 0;};
AA000013 = {isa = PBXFrameworksBuildPhase; buildActionMask = 2147483647; files = (); runOnlyForDeploymentPostprocessing = 0;};
AA000014 = {isa = PBXResourcesBuildPhase; buildActionMask = 2147483647; files = (AA000041, AA000042, AA000043); runOnlyForDeploymentPostprocessing = 0;};
AA000030 = {isa = PBXFileReference; lastKnownFileType = sourcecode.swift; path = AppDelegate.swift; sourceTree = "<group>";};
AA000031 = {isa = PBXFileReference; lastKnownFileType = text.plist.xml; path = Info.plist; sourceTree = "<group>";};
AA000032 = {isa = PBXFileReference; lastKnownFileType = file.storyboard; name = Main.storyboard; path = Base.lproj/Main.storyboard; sourceTree = "<group>";};
AA000033 = {isa = PBXFileReference; lastKnownFileType = file.storyboard; name = LaunchScreen.storyboard; path = Base.lproj/LaunchScreen.storyboard; sourceTree = "<group>";};
AA000034 = {isa = PBXFileReference; lastKnownFileType = text.xml; path = PrivacyInfo.xcprivacy; sourceTree = "<group>";};
AA000040 = {isa = PBXBuildFile; fileRef = AA000030;}; AA000041 = {isa = PBXBuildFile; fileRef = AA000032;}; AA000042 = {isa = PBXBuildFile; fileRef = AA000033;}; AA000043 = {isa = PBXBuildFile; fileRef = AA000034;};
AA000021 = {isa = XCBuildConfiguration; buildSettings = {}; name = Debug;}; AA000022 = {isa = XCBuildConfiguration; buildSettings = {}; name = Release;};
AA000023 = {isa = XCBuildConfiguration; buildSettings = {ASSETCATALOG_COMPILER_APPICON_NAME = AppIcon; CLANG_ENABLE_MODULES = YES; CODE_SIGN_STYLE = Automatic; CURRENT_PROJECT_VERSION = 1; GENERATE_INFOPLIST_FILE = NO; INFOPLIST_FILE = App/Info.plist; IPHONEOS_DEPLOYMENT_TARGET = 15.0; LD_RUNPATH_SEARCH_PATHS = ("$(inherited)", "@executable_path/Frameworks"); MARKETING_VERSION = 1.0; PRODUCT_BUNDLE_IDENTIFIER = com.boreal.risk.client; PRODUCT_NAME = "$(TARGET_NAME)"; SWIFT_VERSION = 5.0; TARGETED_DEVICE_FAMILY = "1,2";}; name = Debug;};
AA000024 = {isa = XCBuildConfiguration; buildSettings = {ASSETCATALOG_COMPILER_APPICON_NAME = AppIcon; CLANG_ENABLE_MODULES = YES; CODE_SIGN_STYLE = Automatic; CURRENT_PROJECT_VERSION = 1; GENERATE_INFOPLIST_FILE = NO; INFOPLIST_FILE = App/Info.plist; IPHONEOS_DEPLOYMENT_TARGET = 15.0; LD_RUNPATH_SEARCH_PATHS = ("$(inherited)", "@executable_path/Frameworks"); MARKETING_VERSION = 1.0; PRODUCT_BUNDLE_IDENTIFIER = com.boreal.risk.client; PRODUCT_NAME = "$(TARGET_NAME)"; SWIFT_VERSION = 5.0; TARGETED_DEVICE_FAMILY = "1,2";}; name = Release;};
}; rootObject = AA000001; }
